
Microsoft Visual Studio Solution File, Format Version 11.00
# Visual Studio 2010
Project("{FAE04EC0-301F-11D3-BF4B-00C04F79EFBC}") = "NeuCMS.Platforms.MVC3", "NeuCMS.Platforms.MVC3\NeuCMS.Platforms.MVC3.csproj", "{DE353188-E847-4A59-A0EE-9354B709A28B}"
	ProjectSection(ProjectDependencies) = postProject
		{5F046414-A56A-4185-8270-8573E1B05ABE} = {5F046414-A56A-4185-8270-8573E1B05ABE}
	EndProjectSection
EndProject
Project("{FAE04EC0-301F-11D3-BF4B-00C04F79EFBC}") = "NeuCMS.Samples.MVC3", "NeuCMS.Samples.MVC3\NeuCMS.Samples.MVC3.csproj", "{F2117FC0-7126-4AF6-9AF4-0A07283B27F9}"
EndProject
Project("{2150E333-8FDC-42A3-9474-1A3956D46DE8}") = "Samples", "Samples", "{BB974DCE-C74C-4995-82B7-8F835A37C609}"
EndProject
Project("{2150E333-8FDC-42A3-9474-1A3956D46DE8}") = "Platforms", "Platforms", "{551C1D0B-F6DD-4206-A5CB-7F81E7EE16E2}"
EndProject
Project("{FAE04EC0-301F-11D3-BF4B-00C04F79EFBC}") = "NeuCMS.Core", "NeuCMS.Core\NeuCMS.Core.csproj", "{9658EE6C-288D-4A52-95BE-F952406A7474}"
EndProject
Project("{FAE04EC0-301F-11D3-BF4B-00C04F79EFBC}") = "NeuCMS", "NeuCMS\NeuCMS.csproj", "{5F046414-A56A-4185-8270-8573E1B05ABE}"
EndProject
Project("{FAE04EC0-301F-11D3-BF4B-00C04F79EFBC}") = "NeuCMS.Repositories.EmbeddedRavenDB", "NeuCMS.Repositories.EmbeddedRavenDB\NeuCMS.Repositories.EmbeddedRavenDB.csproj", "{1A423178-6075-4A27-8E40-9CCDA7CC33B5}"
EndProject
Project("{FAE04EC0-301F-11D3-BF4B-00C04F79EFBC}") = "NeuCMS.Repositories.EmbeddedRavenDB.Tests", "NeuCMS.Repositories.EmbeddedRavenDB.Tests\NeuCMS.Repositories.EmbeddedRavenDB.Tests.csproj", "{4979F39A-0C17-4170-9DE9-31F103C08351}"
EndProject
Project("{2150E333-8FDC-42A3-9474-1A3956D46DE8}") = ".nuget", ".nuget", "{EEB977E3-3C79-4E64-8FAA-F4715D5B4A23}"
	ProjectSection(SolutionItems) = preProject
		.nuget\NuGet.exe = .nuget\NuGet.exe
		.nuget\NuGet.targets = .nuget\NuGet.targets
	EndProjectSection
EndProject
Global
	GlobalSection(SolutionConfigurationPlatforms) = preSolution
		Debug|Any CPU = Debug|Any CPU
		Release|Any CPU = Release|Any CPU
	EndGlobalSection
	GlobalSection(ProjectConfigurationPlatforms) = postSolution
		{DE353188-E847-4A59-A0EE-9354B709A28B}.Debug|Any CPU.ActiveCfg = Debug|Any CPU
		{DE353188-E847-4A59-A0EE-9354B709A28B}.Debug|Any CPU.Build.0 = Debug|Any CPU
		{DE353188-E847-4A59-A0EE-9354B709A28B}.Release|Any CPU.ActiveCfg = Release|Any CPU
		{DE353188-E847-4A59-A0EE-9354B709A28B}.Release|Any CPU.Build.0 = Release|Any CPU
		{F2117FC0-7126-4AF6-9AF4-0A07283B27F9}.Debug|Any CPU.ActiveCfg = Debug|Any CPU
		{F2117FC0-7126-4AF6-9AF4-0A07283B27F9}.Debug|Any CPU.Build.0 = Debug|Any CPU
		{F2117FC0-7126-4AF6-9AF4-0A07283B27F9}.Release|Any CPU.ActiveCfg = Release|Any CPU
		{F2117FC0-7126-4AF6-9AF4-0A07283B27F9}.Release|Any CPU.Build.0 = Release|Any CPU
		{9658EE6C-288D-4A52-95BE-F952406A7474}.Debug|Any CPU.ActiveCfg = Debug|Any CPU
		{9658EE6C-288D-4A52-95BE-F952406A7474}.Debug|Any CPU.Build.0 = Debug|Any CPU
		{9658EE6C-288D-4A52-95BE-F952406A7474}.Release|Any CPU.ActiveCfg = Release|Any CPU
		{9658EE6C-288D-4A52-95BE-F952406A7474}.Release|Any CPU.Build.0 = Release|Any CPU
		{5F046414-A56A-4185-8270-8573E1B05ABE}.Debug|Any CPU.ActiveCfg = Debug|Any CPU
		{5F046414-A56A-4185-8270-8573E1B05ABE}.Debug|Any CPU.Build.0 = Debug|Any CPU
		{5F046414-A56A-4185-8270-8573E1B05ABE}.Release|Any CPU.ActiveCfg = Release|Any CPU
		{5F046414-A56A-4185-8270-8573E1B05ABE}.Release|Any CPU.Build.0 = Release|Any CPU
		{1A423178-6075-4A27-8E40-9CCDA7CC33B5}.Debug|Any CPU.ActiveCfg = Debug|Any CPU
		{1A423178-6075-4A27-8E40-9CCDA7CC33B5}.Debug|Any CPU.Build.0 = Debug|Any CPU
		{1A423178-6075-4A27-8E40-9CCDA7CC33B5}.Release|Any CPU.ActiveCfg = Release|Any CPU
		{1A423178-6075-4A27-8E40-9CCDA7CC33B5}.Release|Any CPU.Build.0 = Release|Any CPU
		{4979F39A-0C17-4170-9DE9-31F103C08351}.Debug|Any CPU.ActiveCfg = Debug|Any CPU
		{4979F39A-0C17-4170-9DE9-31F103C08351}.Debug|Any CPU.Build.0 = Debug|Any CPU
		{4979F39A-0C17-4170-9DE9-31F103C08351}.Release|Any CPU.ActiveCfg = Release|Any CPU
		{4979F39A-0C17-4170-9DE9-31F103C08351}.Release|Any CPU.Build.0 = Release|Any CPU
	EndGlobalSection
	GlobalSection(SolutionProperties) = preSolution
		HideSolutionNode = FALSE
	EndGlobalSection
	GlobalSection(NestedProjects) = preSolution
		{DE353188-E847-4A59-A0EE-9354B709A28B} = {551C1D0B-F6DD-4206-A5CB-7F81E7EE16E2}
		{F2117FC0-7126-4AF6-9AF4-0A07283B27F9} = {BB974DCE-C74C-4995-82B7-8F835A37C609}
	EndGlobalSection
EndGlobal
