
Microsoft Visual Studio Solution File, Format Version 11.00
# Visual Studio 2010
Project("{2150E333-8FDC-42A3-9474-1A3956D46DE8}") = "Samples", "Samples", "{BB974DCE-C74C-4995-82B7-8F835A37C609}"
EndProject
Project("{2150E333-8FDC-42A3-9474-1A3956D46DE8}") = "Platforms", "Platforms", "{551C1D0B-F6DD-4206-A5CB-7F81E7EE16E2}"
EndProject
Project("{FAE04EC0-301F-11D3-BF4B-00C04F79EFBC}") = "NeuCMS.Core", "NeuCMS.Core\NeuCMS.Core.csproj", "{9658EE6C-288D-4A52-95BE-F952406A7474}"
EndProject
Project("{2150E333-8FDC-42A3-9474-1A3956D46DE8}") = ".nuget", ".nuget", "{EEB977E3-3C79-4E64-8FAA-F4715D5B4A23}"
	ProjectSection(SolutionItems) = preProject
		.nuget\NuGet.exe = .nuget\NuGet.exe
		.nuget\NuGet.targets = .nuget\NuGet.targets
	EndProjectSection
EndProject
Project("{FAE04EC0-301F-11D3-BF4B-00C04F79EFBC}") = "NeuCMS.Repositories.EntityFramework_43", "NeuCMS.Repositories.EntityFramework_43\NeuCMS.Repositories.EntityFramework_43.csproj", "{465BA55F-F71B-4A46-96AD-5C66C2F9EB9F}"
EndProject
Project("{FAE04EC0-301F-11D3-BF4B-00C04F79EFBC}") = "NeuCMS.Repositories.EntityFramework.Tests", "NeuCMS.Repositories.EntityFramework.Tests\NeuCMS.Repositories.EntityFramework.Tests.csproj", "{ED5F007B-6977-4333-9BE8-89B6661FE9EB}"
EndProject
Global
	GlobalSection(SolutionConfigurationPlatforms) = preSolution
		Debug|Any CPU = Debug|Any CPU
		Release|Any CPU = Release|Any CPU
	EndGlobalSection
	GlobalSection(ProjectConfigurationPlatforms) = postSolution
		{9658EE6C-288D-4A52-95BE-F952406A7474}.Debug|Any CPU.ActiveCfg = Debug|Any CPU
		{9658EE6C-288D-4A52-95BE-F952406A7474}.Debug|Any CPU.Build.0 = Debug|Any CPU
		{9658EE6C-288D-4A52-95BE-F952406A7474}.Release|Any CPU.ActiveCfg = Release|Any CPU
		{9658EE6C-288D-4A52-95BE-F952406A7474}.Release|Any CPU.Build.0 = Release|Any CPU
		{465BA55F-F71B-4A46-96AD-5C66C2F9EB9F}.Debug|Any CPU.ActiveCfg = Debug|Any CPU
		{465BA55F-F71B-4A46-96AD-5C66C2F9EB9F}.Debug|Any CPU.Build.0 = Debug|Any CPU
		{465BA55F-F71B-4A46-96AD-5C66C2F9EB9F}.Release|Any CPU.ActiveCfg = Release|Any CPU
		{465BA55F-F71B-4A46-96AD-5C66C2F9EB9F}.Release|Any CPU.Build.0 = Release|Any CPU
		{ED5F007B-6977-4333-9BE8-89B6661FE9EB}.Debug|Any CPU.ActiveCfg = Debug|Any CPU
		{ED5F007B-6977-4333-9BE8-89B6661FE9EB}.Debug|Any CPU.Build.0 = Debug|Any CPU
		{ED5F007B-6977-4333-9BE8-89B6661FE9EB}.Release|Any CPU.ActiveCfg = Release|Any CPU
		{ED5F007B-6977-4333-9BE8-89B6661FE9EB}.Release|Any CPU.Build.0 = Release|Any CPU
	EndGlobalSection
	GlobalSection(SolutionProperties) = preSolution
		HideSolutionNode = FALSE
	EndGlobalSection
EndGlobal
